
Microsoft Visual Studio Solution File, Format Version 12.00
# Visual Studio Version 17
VisualStudioVersion = 17.14.36518.9 d17.14
MinimumVisualStudioVersion = 10.0.40219.1
Project("{FAE04EC0-301F-11D3-BF4B-00C04F79EFBC}") = "taller_estructurasDeControl", "taller_estructurasDeControl\taller_estructurasDeControl.csproj", "{0FAAA1EE-2B74-4129-AA20-AC6D41CE9DC9}"
EndProject
Global
	GlobalSection(SolutionConfigurationPlatforms) = preSolution
		Debug|Any CPU = Debug|Any CPU
		Release|Any CPU = Release|Any CPU
	EndGlobalSection
	GlobalSection(ProjectConfigurationPlatforms) = postSolution
		{0FAAA1EE-2B74-4129-AA20-AC6D41CE9DC9}.Debug|Any CPU.ActiveCfg = Debug|Any CPU
		{0FAAA1EE-2B74-4129-AA20-AC6D41CE9DC9}.Debug|Any CPU.Build.0 = Debug|Any CPU
		{0FAAA1EE-2B74-4129-AA20-AC6D41CE9DC9}.Release|Any CPU.ActiveCfg = Release|Any CPU
		{0FAAA1EE-2B74-4129-AA20-AC6D41CE9DC9}.Release|Any CPU.Build.0 = Release|Any CPU
	EndGlobalSection
	GlobalSection(SolutionProperties) = preSolution
		HideSolutionNode = FALSE
	EndGlobalSection
	GlobalSection(ExtensibilityGlobals) = postSolution
		SolutionGuid = {DA90A927-CC41-47FA-AC27-E6C2E72ECE1E}
	EndGlobalSection
EndGlobal
